
Microsoft Visual Studio Solution File, Format Version 12.00
# Visual Studio Version 16
VisualStudioVersion = 16.0.31424.327
MinimumVisualStudioVersion = 10.0.40219.1
Project("{FAE04EC0-301F-11D3-BF4B-00C04F79EFBC}") = "Dio.Application", "src\Dio-Application\Dio.Application.csproj", "{FD330F5C-61D3-42F0-B1A7-A828688DBF09}"
EndProject
Project("{FAE04EC0-301F-11D3-BF4B-00C04F79EFBC}") = "Dio.Data", "src\Dio-Domain\Dio.Data.csproj", "{0FA38E8E-539E-40AB-B387-131B06492F57}"
EndProject
Project("{FAE04EC0-301F-11D3-BF4B-00C04F79EFBC}") = "Dio.Domain", "src\Dio-Data\Dio.Domain.csproj", "{804AD486-EED3-4A88-A949-87BA57C5B4AB}"
EndProject
Global
	GlobalSection(SolutionConfigurationPlatforms) = preSolution
		Debug|Any CPU = Debug|Any CPU
		Release|Any CPU = Release|Any CPU
	EndGlobalSection
	GlobalSection(ProjectConfigurationPlatforms) = postSolution
		{FD330F5C-61D3-42F0-B1A7-A828688DBF09}.Debug|Any CPU.ActiveCfg = Debug|Any CPU
		{FD330F5C-61D3-42F0-B1A7-A828688DBF09}.Debug|Any CPU.Build.0 = Debug|Any CPU
		{FD330F5C-61D3-42F0-B1A7-A828688DBF09}.Release|Any CPU.ActiveCfg = Release|Any CPU
		{FD330F5C-61D3-42F0-B1A7-A828688DBF09}.Release|Any CPU.Build.0 = Release|Any CPU
		{0FA38E8E-539E-40AB-B387-131B06492F57}.Debug|Any CPU.ActiveCfg = Debug|Any CPU
		{0FA38E8E-539E-40AB-B387-131B06492F57}.Debug|Any CPU.Build.0 = Debug|Any CPU
		{0FA38E8E-539E-40AB-B387-131B06492F57}.Release|Any CPU.ActiveCfg = Release|Any CPU
		{0FA38E8E-539E-40AB-B387-131B06492F57}.Release|Any CPU.Build.0 = Release|Any CPU
		{804AD486-EED3-4A88-A949-87BA57C5B4AB}.Debug|Any CPU.ActiveCfg = Debug|Any CPU
		{804AD486-EED3-4A88-A949-87BA57C5B4AB}.Debug|Any CPU.Build.0 = Debug|Any CPU
		{804AD486-EED3-4A88-A949-87BA57C5B4AB}.Release|Any CPU.ActiveCfg = Release|Any CPU
		{804AD486-EED3-4A88-A949-87BA57C5B4AB}.Release|Any CPU.Build.0 = Release|Any CPU
	EndGlobalSection
	GlobalSection(SolutionProperties) = preSolution
		HideSolutionNode = FALSE
	EndGlobalSection
	GlobalSection(ExtensibilityGlobals) = postSolution
		SolutionGuid = {F7B3C151-751A-42E4-90D7-1A16F314F2E5}
	EndGlobalSection
EndGlobal
